
Microsoft Visual Studio Solution File, Format Version 12.00
# Visual Studio Version 16
VisualStudioVersion = 16.0.31515.178
MinimumVisualStudioVersion = 10.0.40219.1
Project("{9A19103F-16F7-4668-BE54-9A1E7A4F7556}") = "Core.Identity", "Core.Identity\Core.Identity.csproj", "{496B30C4-0FA0-42DD-B7E2-5BE7378BB20E}"
EndProject
Project("{9A19103F-16F7-4668-BE54-9A1E7A4F7556}") = "Core.Identity.Models", "Core.Identity.Models\Core.Identity.Models.csproj", "{E9748800-3C3A-4781-AD9B-F0F96145EF5B}"
EndProject
Project("{9A19103F-16F7-4668-BE54-9A1E7A4F7556}") = "Core.Data", "Core.Data\Core.Data.csproj", "{E5C7ECAC-D09D-457A-8EE5-5907A22991C3}"
EndProject
Project("{FAE04EC0-301F-11D3-BF4B-00C04F79EFBC}") = "Core.Services", "Core.Services\Core.Services.csproj", "{36B4D5AB-9AC4-429D-A04C-640823E07D36}"
EndProject
Global
	GlobalSection(SolutionConfigurationPlatforms) = preSolution
		Debug|Any CPU = Debug|Any CPU
		Release|Any CPU = Release|Any CPU
	EndGlobalSection
	GlobalSection(ProjectConfigurationPlatforms) = postSolution
		{496B30C4-0FA0-42DD-B7E2-5BE7378BB20E}.Debug|Any CPU.ActiveCfg = Debug|Any CPU
		{496B30C4-0FA0-42DD-B7E2-5BE7378BB20E}.Debug|Any CPU.Build.0 = Debug|Any CPU
		{496B30C4-0FA0-42DD-B7E2-5BE7378BB20E}.Release|Any CPU.ActiveCfg = Release|Any CPU
		{496B30C4-0FA0-42DD-B7E2-5BE7378BB20E}.Release|Any CPU.Build.0 = Release|Any CPU
		{E9748800-3C3A-4781-AD9B-F0F96145EF5B}.Debug|Any CPU.ActiveCfg = Debug|Any CPU
		{E9748800-3C3A-4781-AD9B-F0F96145EF5B}.Debug|Any CPU.Build.0 = Debug|Any CPU
		{E9748800-3C3A-4781-AD9B-F0F96145EF5B}.Release|Any CPU.ActiveCfg = Release|Any CPU
		{E9748800-3C3A-4781-AD9B-F0F96145EF5B}.Release|Any CPU.Build.0 = Release|Any CPU
		{E5C7ECAC-D09D-457A-8EE5-5907A22991C3}.Debug|Any CPU.ActiveCfg = Debug|Any CPU
		{E5C7ECAC-D09D-457A-8EE5-5907A22991C3}.Debug|Any CPU.Build.0 = Debug|Any CPU
		{E5C7ECAC-D09D-457A-8EE5-5907A22991C3}.Release|Any CPU.ActiveCfg = Release|Any CPU
		{E5C7ECAC-D09D-457A-8EE5-5907A22991C3}.Release|Any CPU.Build.0 = Release|Any CPU
		{36B4D5AB-9AC4-429D-A04C-640823E07D36}.Debug|Any CPU.ActiveCfg = Debug|Any CPU
		{36B4D5AB-9AC4-429D-A04C-640823E07D36}.Debug|Any CPU.Build.0 = Debug|Any CPU
		{36B4D5AB-9AC4-429D-A04C-640823E07D36}.Release|Any CPU.ActiveCfg = Release|Any CPU
		{36B4D5AB-9AC4-429D-A04C-640823E07D36}.Release|Any CPU.Build.0 = Release|Any CPU
	EndGlobalSection
	GlobalSection(SolutionProperties) = preSolution
		HideSolutionNode = FALSE
	EndGlobalSection
	GlobalSection(ExtensibilityGlobals) = postSolution
		SolutionGuid = {5DD8A0CF-F79E-4FDD-8204-0AA614E0FACF}
	EndGlobalSection
EndGlobal
