{
  "lockfileVersion": 3451,
  "lockfileVersion": 3451,
  "lockfileVersion": 3451,
  "lockfileVersion": 3451,
  "lockfileVersion": 3451,
  "lockfileVersion": 3451,
  "lockfileVersion": 3451,
  "lockfileVersion": 3451,
  "lockfileVersion": 3451,
  "lockfileVersion": 3451,
  "lockfileVersion": 3451,
  "lockfileVersion": 3451,
  "lockfileVersion": 3451,
  "lockfileVersion": 3451,
  "lockfileVersion": 3451,
  "lockfileVersion": 3451,
  "lockfileVersion": 3451,
  "lockfileVersion": 3451,
  "lockfileVersion": 3451,
  "lockfileVersion": 3451,
  "lockfileVersion": 3451,
  "lockfileVersion": 3451,
  "lockfileVersion": 3451,
  "lockfileVersion": 3451,
  "lockfileVersion": 3451,
  "lockfileVersion": 3451,
  "lockfileVersion": 3451,
  "lockfileVersion": 3451,
  "lockfileVersion": 3451,
  "lockfileVersion": 3451,
  "lockfileVersion": 3451,
  "lockfileVersion": 3451,
  "lockfileVersion": 3451,
  "lockfileVersion": 3451,
  "lockfileVersion": 3451,
  "lockfileVersion": 3451,
  "lockfileVersion": 3451,
  "lockfileVersion": 3451,
  "lockfileVersion": 3451,
  "lockfileVersion": 3451,
  "lockfileVersion": 3451,
  "lockfileVersion": 3451,
  "lockfileVersion": 3451,
  "lockfileVersion": 3451
}
